<?xml version="1.0" encoding="UTF-8" standalone="yes" ?>
<CodeBlocks_project_file>
	<FileVersion major="1" minor="6" />
	<Project>
		<Option title="freelink" />
		<Option pch_mode="2" />
		<Option compiler="gdc" />
		<Build>
			<Target title="Debug">
				<Option output="bin\Debug\freelink.exe" prefix_auto="1" extension_auto="1" />
				<Option object_output="obj\Debug\" />
				<Option type="1" />
				<Option compiler="gdc" />
				<Compiler>
					<Add option="-g" />
				</Compiler>
			</Target>
			<Target title="Release">
				<Option output="bin\Release\freelink.exe" prefix_auto="1" extension_auto="1" />
				<Option object_output="obj\Release\" />
				<Option type="1" />
				<Option compiler="gdc" />
				<Compiler>
					<Add option="-O2" />
				</Compiler>
				<Linker>
					<Add option="-s" />
				</Linker>
			</Target>
		</Build>
		<Compiler>
			<Add option="-Wall" />
			<Add directory="contrib" />
		</Compiler>
		<Linker>
			<Add option="-static" />
			<Add library="SDL" />
			<Add library="winmm" />
			<Add library="gdi32" />
		</Linker>
		<Unit filename="computer.d" />
		<Unit filename="connection.d" />
		<Unit filename="contrib\SDL.d" />
		<Unit filename="contrib\libgd.d" />
		<Unit filename="file.d" />
		<Unit filename="freelink.cbp" />
		<Unit filename="freelink.d" />
		<Unit filename="func.d" />
		<Unit filename="gui.d" />
		<Unit filename="hardware.d" />
		<Unit filename="nls.d" />
		<Unit filename="png.d" />
		<Unit filename="software.d" />
		<Unit filename="util.d" />
		<Unit filename="xml.d" />
		<Extensions>
			<code_completion />
		</Extensions>
	</Project>
</CodeBlocks_project_file>
